
Microsoft Visual Studio Solution File, Format Version 11.00
# Visual Studio 2010
# SharpDevelop 5.1
Project("{FAE04EC0-301F-11D3-BF4B-00C04F79EFBC}") = "temp", "temp\temp.csproj", "{405B1CCC-A7CB-4AF0-B92D-C4D3078C20D1}"
EndProject
Global
	GlobalSection(SolutionConfigurationPlatforms) = preSolution
		Debug|Any CPU = Debug|Any CPU
		Release|Any CPU = Release|Any CPU
	EndGlobalSection
	GlobalSection(ProjectConfigurationPlatforms) = postSolution
		{405B1CCC-A7CB-4AF0-B92D-C4D3078C20D1}.Debug|Any CPU.ActiveCfg = Debug|Any CPU
		{405B1CCC-A7CB-4AF0-B92D-C4D3078C20D1}.Debug|Any CPU.Build.0 = Debug|Any CPU
		{405B1CCC-A7CB-4AF0-B92D-C4D3078C20D1}.Release|Any CPU.ActiveCfg = Release|Any CPU
		{405B1CCC-A7CB-4AF0-B92D-C4D3078C20D1}.Release|Any CPU.Build.0 = Release|Any CPU
	EndGlobalSection
EndGlobal
